// !$*UTF8*$!
{
	archiveVersion = 1;
	classes = {
	};
	objectVersion = 50;
	objects = {

/* Begin PBXBuildFile section */
		086802932661642D005FF863 /* AppDelegate.swift in Sources */ = {isa = PBXBuildFile; fileRef = 086802922661642D005FF863 /* AppDelegate.swift */; };
		086802952661642D005FF863 /* SceneDelegate.swift in Sources */ = {isa = PBXBuildFile; fileRef = 086802942661642D005FF863 /* SceneDelegate.swift */; };
		086802972661642D005FF863 /* ViewController.swift in Sources */ = {isa = PBXBuildFile; fileRef = 086802962661642D005FF863 /* ViewController.swift */; };
		0868029A2661642D005FF863 /* Main.storyboard in Resources */ = {isa = PBXBuildFile; fileRef = 086802982661642D005FF863 /* Main.storyboard */; };
		0868029C26616430005FF863 /* Assets.xcassets in Resources */ = {isa = PBXBuildFile; fileRef = 0868029B26616430005FF863 /* Assets.xcassets */; };
		0868029F26616430005FF863 /* LaunchScreen.storyboard in Resources */ = {isa = PBXBuildFile; fileRef = 0868029D26616430005FF863 /* LaunchScreen.storyboard */; };
		086802AA26616431005FF863 /* RaffleAppTests.swift in Sources */ = {isa = PBXBuildFile; fileRef = 086802A926616431005FF863 /* RaffleAppTests.swift */; };
		086802B526616431005FF863 /* RaffleAppUITests.swift in Sources */ = {isa = PBXBuildFile; fileRef = 086802B426616431005FF863 /* RaffleAppUITests.swift */; };
/* End PBXBuildFile section */

/* Begin PBXContainerItemProxy section */
		086802A626616431005FF863 /* PBXContainerItemProxy */ = {
			isa = PBXContainerItemProxy;
			containerPortal = 086802872661642D005FF863 /* Project object */;
			proxyType = 1;
			remoteGlobalIDString = 0868028E2661642D005FF863;
			remoteInfo = RaffleApp;
		};
		086802B126616431005FF863 /* PBXContainerItemProxy */ = {
			isa = PBXContainerItemProxy;
			containerPortal = 086802872661642D005FF863 /* Project object */;
			proxyType = 1;
			remoteGlobalIDString = 0868028E2661642D005FF863;
			remoteInfo = RaffleApp;
		};
/* End PBXContainerItemProxy section */

/* Begin PBXFileReference section */
		0868028F2661642D005FF863 /* RaffleApp.app */ = {isa = PBXFileReference; explicitFileType = wrapper.application; includeInIndex = 0; path = RaffleApp.app; sourceTree = BUILT_PRODUCTS_DIR; };
		086802922661642D005FF863 /* AppDelegate.swift */ = {isa = PBXFileReference; lastKnownFileType = sourcecode.swift; path = AppDelegate.swift; sourceTree = "<group>"; };
		086802942661642D005FF863 /* SceneDelegate.swift */ = {isa = PBXFileReference; lastKnownFileType = sourcecode.swift; path = SceneDelegate.swift; sourceTree = "<group>"; };
		086802962661642D005FF863 /* ViewController.swift */ = {isa = PBXFileReference; lastKnownFileType = sourcecode.swift; path = ViewController.swift; sourceTree = "<group>"; };
		086802992661642D005FF863 /* Base */ = {isa = PBXFileReference; lastKnownFileType = file.storyboard; name = Base; path = Base.lproj/Main.storyboard; sourceTree = "<group>"; };
		0868029B26616430005FF863 /* Assets.xcassets */ = {isa = PBXFileReference; lastKnownFileType = folder.assetcatalog; path = Assets.xcassets; sourceTree = "<group>"; };
		0868029E26616430005FF863 /* Base */ = {isa = PBXFileReference; lastKnownFileType = file.storyboard; name = Base; path = Base.lproj/LaunchScreen.storyboard; sourceTree = "<group>"; };
		086802A026616430005FF863 /* Info.plist */ = {isa = PBXFileReference; lastKnownFileType = text.plist.xml; path = Info.plist; sourceTree = "<group>"; };
		086802A526616431005FF863 /* RaffleAppTests.xctest */ = {isa = PBXFileReference; explicitFileType = wrapper.cfbundle; includeInIndex = 0; path = RaffleAppTests.xctest; sourceTree = BUILT_PRODUCTS_DIR; };
		086802A926616431005FF863 /* RaffleAppTests.swift */ = {isa = PBXFileReference; lastKnownFileType = sourcecode.swift; path = RaffleAppTests.swift; sourceTree = "<group>"; };
		086802AB26616431005FF863 /* Info.plist */ = {isa = PBXFileReference; lastKnownFileType = text.plist.xml; path = Info.plist; sourceTree = "<group>"; };
		086802B026616431005FF863 /* RaffleAppUITests.xctest */ = {isa = PBXFileReference; explicitFileType = wrapper.cfbundle; includeInIndex = 0; path = RaffleAppUITests.xctest; sourceTree = BUILT_PRODUCTS_DIR; };
		086802B426616431005FF863 /* RaffleAppUITests.swift */ = {isa = PBXFileReference; lastKnownFileType = sourcecode.swift; path = RaffleAppUITests.swift; sourceTree = "<group>"; };
		086802B626616431005FF863 /* Info.plist */ = {isa = PBXFileReference; lastKnownFileType = text.plist.xml; path = Info.plist; sourceTree = "<group>"; };
/* End PBXFileReference section */

/* Begin PBXFrameworksBuildPhase section */
		0868028C2661642D005FF863 /* Frameworks */ = {
			isa = PBXFrameworksBuildPhase;
			buildActionMask = 2147483647;
			files = (
			);
			runOnlyForDeploymentPostprocessing = 0;
		};
		086802A226616431005FF863 /* Frameworks */ = {
			isa = PBXFrameworksBuildPhase;
			buildActionMask = 2147483647;
			files = (
			);
			runOnlyForDeploymentPostprocessing = 0;
		};
		086802AD26616431005FF863 /* Frameworks */ = {
			isa = PBXFrameworksBuildPhase;
			buildActionMask = 2147483647;
			files = (
			);
			runOnlyForDeploymentPostprocessing = 0;
		};
/* End PBXFrameworksBuildPhase section */

/* Begin PBXGroup section */
		086802862661642D005FF863 = {
			isa = PBXGroup;
			children = (
				086802912661642D005FF863 /* RaffleApp */,
				086802A826616431005FF863 /* RaffleAppTests */,
				086802B326616431005FF863 /* RaffleAppUITests */,
				086802902661642D005FF863 /* Products */,
			);
			sourceTree = "<group>";
		};
		086802902661642D005FF863 /* Products */ = {
			isa = PBXGroup;
			children = (
				0868028F2661642D005FF863 /* RaffleApp.app */,
				086802A526616431005FF863 /* RaffleAppTests.xctest */,
				086802B026616431005FF863 /* RaffleAppUITests.xctest */,
			);
			name = Products;
			sourceTree = "<group>";
		};
		086802912661642D005FF863 /* RaffleApp */ = {
			isa = PBXGroup;
			children = (
				086802922661642D005FF863 /* AppDelegate.swift */,
				086802942661642D005FF863 /* SceneDelegate.swift */,
				086802962661642D005FF863 /* ViewController.swift */,
				086802982661642D005FF863 /* Main.storyboard */,
				0868029B26616430005FF863 /* Assets.xcassets */,
				0868029D26616430005FF863 /* LaunchScreen.storyboard */,
				086802A026616430005FF863 /* Info.plist */,
			);
			path = RaffleApp;
			sourceTree = "<group>";
		};
		086802A826616431005FF863 /* RaffleAppTests */ = {
			isa = PBXGroup;
			children = (
				086802A926616431005FF863 /* RaffleAppTests.swift */,
				086802AB26616431005FF863 /* Info.plist */,
			);
			path = RaffleAppTests;
			sourceTree = "<group>";
		};
		086802B326616431005FF863 /* RaffleAppUITests */ = {
			isa = PBXGroup;
			children = (
				086802B426616431005FF863 /* RaffleAppUITests.swift */,
				086802B626616431005FF863 /* Info.plist */,
			);
			path = RaffleAppUITests;
			sourceTree = "<group>";
		};
/* End PBXGroup section */

/* Begin PBXNativeTarget section */
		0868028E2661642D005FF863 /* RaffleApp */ = {
			isa = PBXNativeTarget;
			buildConfigurationList = 086802B926616431005FF863 /* Build configuration list for PBXNativeTarget "RaffleApp" */;
			buildPhases = (
				0868028B2661642D005FF863 /* Sources */,
				0868028C2661642D005FF863 /* Frameworks */,
				0868028D2661642D005FF863 /* Resources */,
			);
			buildRules = (
			);
			dependencies = (
			);
			name = RaffleApp;
			productName = RaffleApp;
			productReference = 0868028F2661642D005FF863 /* RaffleApp.app */;
			productType = "com.apple.product-type.application";
		};
		086802A426616431005FF863 /* RaffleAppTests */ = {
			isa = PBXNativeTarget;
			buildConfigurationList = 086802BC26616431005FF863 /* Build configuration list for PBXNativeTarget "RaffleAppTests" */;
			buildPhases = (
				086802A126616431005FF863 /* Sources */,
				086802A226616431005FF863 /* Frameworks */,
				086802A326616431005FF863 /* Resources */,
			);
			buildRules = (
			);
			dependencies = (
				086802A726616431005FF863 /* PBXTargetDependency */,
			);
			name = RaffleAppTests;
			productName = RaffleAppTests;
			productReference = 086802A526616431005FF863 /* RaffleAppTests.xctest */;
			productType = "com.apple.product-type.bundle.unit-test";
		};
		086802AF26616431005FF863 /* RaffleAppUITests */ = {
			isa = PBXNativeTarget;
			buildConfigurationList = 086802BF26616431005FF863 /* Build configuration list for PBXNativeTarget "RaffleAppUITests" */;
			buildPhases = (
				086802AC26616431005FF863 /* Sources */,
				086802AD26616431005FF863 /* Frameworks */,
				086802AE26616431005FF863 /* Resources */,
			);
			buildRules = (
			);
			dependencies = (
				086802B226616431005FF863 /* PBXTargetDependency */,
			);
			name = RaffleAppUITests;
			productName = RaffleAppUITests;
			productReference = 086802B026616431005FF863 /* RaffleAppUITests.xctest */;
			productType = "com.apple.product-type.bundle.ui-testing";
		};
/* End PBXNativeTarget section */

/* Begin PBXProject section */
		086802872661642D005FF863 /* Project object */ = {
			isa = PBXProject;
			attributes = {
				LastSwiftUpdateCheck = 1250;
				LastUpgradeCheck = 1250;
				TargetAttributes = {
					0868028E2661642D005FF863 = {
						CreatedOnToolsVersion = 12.5;
					};
					086802A426616431005FF863 = {
						CreatedOnToolsVersion = 12.5;
						TestTargetID = 0868028E2661642D005FF863;
					};
					086802AF26616431005FF863 = {
						CreatedOnToolsVersion = 12.5;
						TestTargetID = 0868028E2661642D005FF863;
					};
				};
			};
			buildConfigurationList = 0868028A2661642D005FF863 /* Build configuration list for PBXProject "RaffleApp" */;
			compatibilityVersion = "Xcode 9.3";
			developmentRegion = en;
			hasScannedForEncodings = 0;
			knownRegions = (
				en,
				Base,
			);
			mainGroup = 086802862661642D005FF863;
			productRefGroup = 086802902661642D005FF863 /* Products */;
			projectDirPath = "";
			projectRoot = "";
			targets = (
				0868028E2661642D005FF863 /* RaffleApp */,
				086802A426616431005FF863 /* RaffleAppTests */,
				086802AF26616431005FF863 /* RaffleAppUITests */,
			);
		};
/* End PBXProject section */

/* Begin PBXResourcesBuildPhase section */
		0868028D2661642D005FF863 /* Resources */ = {
			isa = PBXResourcesBuildPhase;
			buildActionMask = 2147483647;
			files = (
				0868029F26616430005FF863 /* LaunchScreen.storyboard in Resources */,
				0868029C26616430005FF863 /* Assets.xcassets in Resources */,
				0868029A2661642D005FF863 /* Main.storyboard in Resources */,
			);
			runOnlyForDeploymentPostprocessing = 0;
		};
		086802A326616431005FF863 /* Resources */ = {
			isa = PBXResourcesBuildPhase;
			buildActionMask = 2147483647;
			files = (
			);
			runOnlyForDeploymentPostprocessing = 0;
		};
		086802AE26616431005FF863 /* Resources */ = {
			isa = PBXResourcesBuildPhase;
			buildActionMask = 2147483647;
			files = (
			);
			runOnlyForDeploymentPostprocessing = 0;
		};
/* End PBXResourcesBuildPhase section */

/* Begin PBXSourcesBuildPhase section */
		0868028B2661642D005FF863 /* Sources */ = {
			isa = PBXSourcesBuildPhase;
			buildActionMask = 2147483647;
			files = (
				086802972661642D005FF863 /* ViewController.swift in Sources */,
				086802932661642D005FF863 /* AppDelegate.swift in Sources */,
				086802952661642D005FF863 /* SceneDelegate.swift in Sources */,
			);
			runOnlyForDeploymentPostprocessing = 0;
		};
		086802A126616431005FF863 /* Sources */ = {
			isa = PBXSourcesBuildPhase;
			buildActionMask = 2147483647;
			files = (
				086802AA26616431005FF863 /* RaffleAppTests.swift in Sources */,
			);
			runOnlyForDeploymentPostprocessing = 0;
		};
		086802AC26616431005FF863 /* Sources */ = {
			isa = PBXSourcesBuildPhase;
			buildActionMask = 2147483647;
			files = (
				086802B526616431005FF863 /* RaffleAppUITests.swift in Sources */,
			);
			runOnlyForDeploymentPostprocessing = 0;
		};
/* End PBXSourcesBuildPhase section */

/* Begin PBXTargetDependency section */
		086802A726616431005FF863 /* PBXTargetDependency */ = {
			isa = PBXTargetDependency;
			target = 0868028E2661642D005FF863 /* RaffleApp */;
			targetProxy = 086802A626616431005FF863 /* PBXContainerItemProxy */;
		};
		086802B226616431005FF863 /* PBXTargetDependency */ = {
			isa = PBXTargetDependency;
			target = 0868028E2661642D005FF863 /* RaffleApp */;
			targetProxy = 086802B126616431005FF863 /* PBXContainerItemProxy */;
		};
/* End PBXTargetDependency section */

/* Begin PBXVariantGroup section */
		086802982661642D005FF863 /* Main.storyboard */ = {
			isa = PBXVariantGroup;
			children = (
				086802992661642D005FF863 /* Base */,
			);
			name = Main.storyboard;
			sourceTree = "<group>";
		};
		0868029D26616430005FF863 /* LaunchScreen.storyboard */ = {
			isa = PBXVariantGroup;
			children = (
				0868029E26616430005FF863 /* Base */,
			);
			name = LaunchScreen.storyboard;
			sourceTree = "<group>";
		};
/* End PBXVariantGroup section */

/* Begin XCBuildConfiguration section */
		086802B726616431005FF863 /* Debug */ = {
			isa = XCBuildConfiguration;
			buildSettings = {
				ALWAYS_SEARCH_USER_PATHS = NO;
				CLANG_ANALYZER_NONNULL = YES;
				CLANG_ANALYZER_NUMBER_OBJECT_CONVERSION = YES_AGGRESSIVE;
				CLANG_CXX_LANGUAGE_STANDARD = "gnu++14";
				CLANG_CXX_LIBRARY = "libc++";
				CLANG_ENABLE_MODULES = YES;
				CLANG_ENABLE_OBJC_ARC = YES;
				CLANG_ENABLE_OBJC_WEAK = YES;
				CLANG_WARN_BLOCK_CAPTURE_AUTORELEASING = YES;
				CLANG_WARN_BOOL_CONVERSION = YES;
				CLANG_WARN_COMMA = YES;
				CLANG_WARN_CONSTANT_CONVERSION = YES;
				CLANG_WARN_DEPRECATED_OBJC_IMPLEMENTATIONS = YES;
				CLANG_WARN_DIRECT_OBJC_ISA_USAGE = YES_ERROR;
				CLANG_WARN_DOCUMENTATION_COMMENTS = YES;
				CLANG_WARN_EMPTY_BODY = YES;
				CLANG_WARN_ENUM_CONVERSION = YES;
				CLANG_WARN_INFINITE_RECURSION = YES;
				CLANG_WARN_INT_CONVERSION = YES;
				CLANG_WARN_NON_LITERAL_NULL_CONVERSION = YES;
				CLANG_WARN_OBJC_IMPLICIT_RETAIN_SELF = YES;
				CLANG_WARN_OBJC_LITERAL_CONVERSION = YES;
				CLANG_WARN_OBJC_ROOT_CLASS = YES_ERROR;
				CLANG_WARN_QUOTED_INCLUDE_IN_FRAMEWORK_HEADER = YES;
				CLANG_WARN_RANGE_LOOP_ANALYSIS = YES;
				CLANG_WARN_STRICT_PROTOTYPES = YES;
				CLANG_WARN_SUSPICIOUS_MOVE = YES;
				CLANG_WARN_UNGUARDED_AVAILABILITY = YES_AGGRESSIVE;
				CLANG_WARN_UNREACHABLE_CODE = YES;
				CLANG_WARN__DUPLICATE_METHOD_MATCH = YES;
				COPY_PHASE_STRIP = NO;
				DEBUG_INFORMATION_FORMAT = dwarf;
				ENABLE_STRICT_OBJC_MSGSEND = YES;
				ENABLE_TESTABILITY = YES;
				GCC_C_LANGUAGE_STANDARD = gnu11;
				GCC_DYNAMIC_NO_PIC = NO;
				GCC_NO_COMMON_BLOCKS = YES;
				GCC_OPTIMIZATION_LEVEL = 0;
				GCC_PREPROCESSOR_DEFINITIONS = (
					"DEBUG=1",
					"$(inherited)",
				);
				GCC_WARN_64_TO_32_BIT_CONVERSION = YES;
				GCC_WARN_ABOUT_RETURN_TYPE = YES_ERROR;
				GCC_WARN_UNDECLARED_SELECTOR = YES;
				GCC_WARN_UNINITIALIZED_AUTOS = YES_AGGRESSIVE;
				GCC_WARN_UNUSED_FUNCTION = YES;
				GCC_WARN_UNUSED_VARIABLE = YES;
				IPHONEOS_DEPLOYMENT_TARGET = 14.5;
				MTL_ENABLE_DEBUG_INFO = INCLUDE_SOURCE;
				MTL_FAST_MATH = YES;
				ONLY_ACTIVE_ARCH = YES;
				SDKROOT = iphoneos;
				SWIFT_ACTIVE_COMPILATION_CONDITIONS = DEBUG;
				SWIFT_OPTIMIZATION_LEVEL = "-Onone";
			};
			name = Debug;
		};
		086802B826616431005FF863 /* Release */ = {
			isa = XCBuildConfiguration;
			buildSettings = {
				ALWAYS_SEARCH_USER_PATHS = NO;
				CLANG_ANALYZER_NONNULL = YES;
				CLANG_ANALYZER_NUMBER_OBJECT_CONVERSION = YES_AGGRESSIVE;
				CLANG_CXX_LANGUAGE_STANDARD = "gnu++14";
				CLANG_CXX_LIBRARY = "libc++";
				CLANG_ENABLE_MODULES = YES;
				CLANG_ENABLE_OBJC_ARC = YES;
				CLANG_ENABLE_OBJC_WEAK = YES;
				CLANG_WARN_BLOCK_CAPTURE_AUTORELEASING = YES;
				CLANG_WARN_BOOL_CONVERSION = YES;
				CLANG_WARN_COMMA = YES;
				CLANG_WARN_CONSTANT_CONVERSION = YES;
				CLANG_WARN_DEPRECATED_OBJC_IMPLEMENTATIONS = YES;
				CLANG_WARN_DIRECT_OBJC_ISA_USAGE = YES_ERROR;
				CLANG_WARN_DOCUMENTATION_COMMENTS = YES;
				CLANG_WARN_EMPTY_BODY = YES;
				CLANG_WARN_ENUM_CONVERSION = YES;
				CLANG_WARN_INFINITE_RECURSION = YES;
				CLANG_WARN_INT_CONVERSION = YES;
				CLANG_WARN_NON_LITERAL_NULL_CONVERSION = YES;
				CLANG_WARN_OBJC_IMPLICIT_RETAIN_SELF = YES;
				CLANG_WARN_OBJC_LITERAL_CONVERSION = YES;
				CLANG_WARN_OBJC_ROOT_CLASS = YES_ERROR;
				CLANG_WARN_QUOTED_INCLUDE_IN_FRAMEWORK_HEADER = YES;
				CLANG_WARN_RANGE_LOOP_ANALYSIS = YES;
				CLANG_WARN_STRICT_PROTOTYPES = YES;
				CLANG_WARN_SUSPICIOUS_MOVE = YES;
				CLANG_WARN_UNGUARDED_AVAILABILITY = YES_AGGRESSIVE;
				CLANG_WARN_UNREACHABLE_CODE = YES;
				CLANG_WARN__DUPLICATE_METHOD_MATCH = YES;
				COPY_PHASE_STRIP = NO;
				DEBUG_INFORMATION_FORMAT = "dwarf-with-dsym";
				ENABLE_NS_ASSERTIONS = NO;
				ENABLE_STRICT_OBJC_MSGSEND = YES;
				GCC_C_LANGUAGE_STANDARD = gnu11;
				GCC_NO_COMMON_BLOCKS = YES;
				GCC_WARN_64_TO_32_BIT_CONVERSION = YES;
				GCC_WARN_ABOUT_RETURN_TYPE = YES_ERROR;
				GCC_WARN_UNDECLARED_SELECTOR = YES;
				GCC_WARN_UNINITIALIZED_AUTOS = YES_AGGRESSIVE;
				GCC_WARN_UNUSED_FUNCTION = YES;
				GCC_WARN_UNUSED_VARIABLE = YES;
				IPHONEOS_DEPLOYMENT_TARGET = 14.5;
				MTL_ENABLE_DEBUG_INFO = NO;
				MTL_FAST_MATH = YES;
				SDKROOT = iphoneos;
				SWIFT_COMPILATION_MODE = wholemodule;
				SWIFT_OPTIMIZATION_LEVEL = "-O";
				VALIDATE_PRODUCT = YES;
			};
			name = Release;
		};
		086802BA26616431005FF863 /* Debug */ = {
			isa = XCBuildConfiguration;
			buildSettings = {
				ASSETCATALOG_COMPILER_APPICON_NAME = AppIcon;
				ASSETCATALOG_COMPILER_GLOBAL_ACCENT_COLOR_NAME = AccentColor;
				CODE_SIGN_STYLE = Automatic;
				DEVELOPMENT_TEAM = 453FAV4WWW;
				INFOPLIST_FILE = RaffleApp/Info.plist;
				LD_RUNPATH_SEARCH_PATHS = (
					"$(inherited)",
					"@executable_path/Frameworks",
				);
				PRODUCT_BUNDLE_IDENTIFIER = "com.code-isekai.RaffleApp";
				PRODUCT_NAME = "$(TARGET_NAME)";
				SWIFT_VERSION = 5.0;
				TARGETED_DEVICE_FAMILY = "1,2";
			};
			name = Debug;
		};
		086802BB26616431005FF863 /* Release */ = {
			isa = XCBuildConfiguration;
			buildSettings = {
				ASSETCATALOG_COMPILER_APPICON_NAME = AppIcon;
				ASSETCATALOG_COMPILER_GLOBAL_ACCENT_COLOR_NAME = AccentColor;
				CODE_SIGN_STYLE = Automatic;
				DEVELOPMENT_TEAM = 453FAV4WWW;
				INFOPLIST_FILE = RaffleApp/Info.plist;
				LD_RUNPATH_SEARCH_PATHS = (
					"$(inherited)",
					"@executable_path/Frameworks",
				);
				PRODUCT_BUNDLE_IDENTIFIER = "com.code-isekai.RaffleApp";
				PRODUCT_NAME = "$(TARGET_NAME)";
				SWIFT_VERSION = 5.0;
				TARGETED_DEVICE_FAMILY = "1,2";
			};
			name = Release;
		};
		086802BD26616431005FF863 /* Debug */ = {
			isa = XCBuildConfiguration;
			buildSettings = {
				ALWAYS_EMBED_SWIFT_STANDARD_LIBRARIES = YES;
				BUNDLE_LOADER = "$(TEST_HOST)";
				CODE_SIGN_STYLE = Automatic;
				DEVELOPMENT_TEAM = 453FAV4WWW;
				INFOPLIST_FILE = RaffleAppTests/Info.plist;
				IPHONEOS_DEPLOYMENT_TARGET = 14.5;
				LD_RUNPATH_SEARCH_PATHS = (
					"$(inherited)",
					"@executable_path/Frameworks",
					"@loader_path/Frameworks",
				);
				PRODUCT_BUNDLE_IDENTIFIER = "com.code-isekai.RaffleAppTests";
				PRODUCT_NAME = "$(TARGET_NAME)";
				SWIFT_VERSION = 5.0;
				TARGETED_DEVICE_FAMILY = "1,2";
				TEST_HOST = "$(BUILT_PRODUCTS_DIR)/RaffleApp.app/RaffleApp";
			};
			name = Debug;
		};
		086802BE26616431005FF863 /* Release */ = {
			isa = XCBuildConfiguration;
			buildSettings = {
				ALWAYS_EMBED_SWIFT_STANDARD_LIBRARIES = YES;
				BUNDLE_LOADER = "$(TEST_HOST)";
				CODE_SIGN_STYLE = Automatic;
				DEVELOPMENT_TEAM = 453FAV4WWW;
				INFOPLIST_FILE = RaffleAppTests/Info.plist;
				IPHONEOS_DEPLOYMENT_TARGET = 14.5;
				LD_RUNPATH_SEARCH_PATHS = (
					"$(inherited)",
					"@executable_path/Frameworks",
					"@loader_path/Frameworks",
				);
				PRODUCT_BUNDLE_IDENTIFIER = "com.code-isekai.RaffleAppTests";
				PRODUCT_NAME = "$(TARGET_NAME)";
				SWIFT_VERSION = 5.0;
				TARGETED_DEVICE_FAMILY = "1,2";
				TEST_HOST = "$(BUILT_PRODUCTS_DIR)/RaffleApp.app/RaffleApp";
			};
			name = Release;
		};
		086802C026616431005FF863 /* Debug */ = {
			isa = XCBuildConfiguration;
			buildSettings = {
				ALWAYS_EMBED_SWIFT_STANDARD_LIBRARIES = YES;
				CODE_SIGN_STYLE = Automatic;
				DEVELOPMENT_TEAM = 453FAV4WWW;
				INFOPLIST_FILE = RaffleAppUITests/Info.plist;
				LD_RUNPATH_SEARCH_PATHS = (
					"$(inherited)",
					"@executable_path/Frameworks",
					"@loader_path/Frameworks",
				);
				PRODUCT_BUNDLE_IDENTIFIER = "com.code-isekai.RaffleAppUITests";
				PRODUCT_NAME = "$(TARGET_NAME)";
				SWIFT_VERSION = 5.0;
				TARGETED_DEVICE_FAMILY = "1,2";
				TEST_TARGET_NAME = RaffleApp;
			};
			name = Debug;
		};
		086802C126616431005FF863 /* Release */ = {
			isa = XCBuildConfiguration;
			buildSettings = {
				ALWAYS_EMBED_SWIFT_STANDARD_LIBRARIES = YES;
				CODE_SIGN_STYLE = Automatic;
				DEVELOPMENT_TEAM = 453FAV4WWW;
				INFOPLIST_FILE = RaffleAppUITests/Info.plist;
				LD_RUNPATH_SEARCH_PATHS = (
					"$(inherited)",
					"@executable_path/Frameworks",
					"@loader_path/Frameworks",
				);
				PRODUCT_BUNDLE_IDENTIFIER = "com.code-isekai.RaffleAppUITests";
				PRODUCT_NAME = "$(TARGET_NAME)";
				SWIFT_VERSION = 5.0;
				TARGETED_DEVICE_FAMILY = "1,2";
				TEST_TARGET_NAME = RaffleApp;
			};
			name = Release;
		};
/* End XCBuildConfiguration section */

/* Begin XCConfigurationList section */
		0868028A2661642D005FF863 /* Build configuration list for PBXProject "RaffleApp" */ = {
			isa = XCConfigurationList;
			buildConfigurations = (
				086802B726616431005FF863 /* Debug */,
				086802B826616431005FF863 /* Release */,
			);
			defaultConfigurationIsVisible = 0;
			defaultConfigurationName = Release;
		};
		086802B926616431005FF863 /* Build configuration list for PBXNativeTarget "RaffleApp" */ = {
			isa = XCConfigurationList;
			buildConfigurations = (
				086802BA26616431005FF863 /* Debug */,
				086802BB26616431005FF863 /* Release */,
			);
			defaultConfigurationIsVisible = 0;
			defaultConfigurationName = Release;
		};
		086802BC26616431005FF863 /* Build configuration list for PBXNativeTarget "RaffleAppTests" */ = {
			isa = XCConfigurationList;
			buildConfigurations = (
				086802BD26616431005FF863 /* Debug */,
				086802BE26616431005FF863 /* Release */,
			);
			defaultConfigurationIsVisible = 0;
			defaultConfigurationName = Release;
		};
		086802BF26616431005FF863 /* Build configuration list for PBXNativeTarget "RaffleAppUITests" */ = {
			isa = XCConfigurationList;
			buildConfigurations = (
				086802C026616431005FF863 /* Debug */,
				086802C126616431005FF863 /* Release */,
			);
			defaultConfigurationIsVisible = 0;
			defaultConfigurationName = Release;
		};
/* End XCConfigurationList section */
	};
	rootObject = 086802872661642D005FF863 /* Project object */;
}
