// !$*UTF8*$!
{
	archiveVersion = 1;
	classes = {
	};
	objectVersion = 50;
	objects = {

/* Begin PBXBuildFile section */
		08006C2526656959004354C3 /* Token.swift in Sources */ = {isa = PBXBuildFile; fileRef = 08006C2426656959004354C3 /* Token.swift */; };
		0882F01F26618ED80070EF3F /* AppDelegate.swift in Sources */ = {isa = PBXBuildFile; fileRef = 0882F01E26618ED80070EF3F /* AppDelegate.swift */; };
		0882F02126618ED80070EF3F /* SceneDelegate.swift in Sources */ = {isa = PBXBuildFile; fileRef = 0882F02026618ED80070EF3F /* SceneDelegate.swift */; };
		0882F02326618ED80070EF3F /* AllRafflesListViewController.swift in Sources */ = {isa = PBXBuildFile; fileRef = 0882F02226618ED80070EF3F /* AllRafflesListViewController.swift */; };
		0882F02626618ED80070EF3F /* Main.storyboard in Resources */ = {isa = PBXBuildFile; fileRef = 0882F02426618ED80070EF3F /* Main.storyboard */; };
		0882F02826618ED90070EF3F /* Assets.xcassets in Resources */ = {isa = PBXBuildFile; fileRef = 0882F02726618ED90070EF3F /* Assets.xcassets */; };
		0882F02B26618ED90070EF3F /* LaunchScreen.storyboard in Resources */ = {isa = PBXBuildFile; fileRef = 0882F02926618ED90070EF3F /* LaunchScreen.storyboard */; };
		0882F03926618EF00070EF3F /* RaffleAppTests.swift in Sources */ = {isa = PBXBuildFile; fileRef = 0882F03826618EF00070EF3F /* RaffleAppTests.swift */; };
		0882F0492661B8930070EF3F /* AllRaffles.swift in Sources */ = {isa = PBXBuildFile; fileRef = 0882F0482661B8930070EF3F /* AllRaffles.swift */; };
		0882F04D2662A8AE0070EF3F /* CreateRaffleViewController.swift in Sources */ = {isa = PBXBuildFile; fileRef = 0882F04C2662A8AE0070EF3F /* CreateRaffleViewController.swift */; };
		0882F04F2662AD940070EF3F /* RaffleCell.swift in Sources */ = {isa = PBXBuildFile; fileRef = 0882F04E2662AD940070EF3F /* RaffleCell.swift */; };
		0882F0512662EB400070EF3F /* ParticipantCell.swift in Sources */ = {isa = PBXBuildFile; fileRef = 0882F0502662EB400070EF3F /* ParticipantCell.swift */; };
		0882F0532662EC4C0070EF3F /* RaffleDetailsParticpantListViewController.swift in Sources */ = {isa = PBXBuildFile; fileRef = 0882F0522662EC4C0070EF3F /* RaffleDetailsParticpantListViewController.swift */; };
		0882F05A2663068A0070EF3F /* DrawRaffleWinnerViewController.swift in Sources */ = {isa = PBXBuildFile; fileRef = 0882F0592663068A0070EF3F /* DrawRaffleWinnerViewController.swift */; };
		0882F05C266306A80070EF3F /* RegisterNewParticipantViewController.swift in Sources */ = {isa = PBXBuildFile; fileRef = 0882F05B266306A80070EF3F /* RegisterNewParticipantViewController.swift */; };
		0882F05E266327BE0070EF3F /* RaffleWinnerInfoViewController.swift in Sources */ = {isa = PBXBuildFile; fileRef = 0882F05D266327BE0070EF3F /* RaffleWinnerInfoViewController.swift */; };
		0882F0602663E6E10070EF3F /* AllRafflesSample.json in Resources */ = {isa = PBXBuildFile; fileRef = 0882F05F2663E6E10070EF3F /* AllRafflesSample.json */; };
		0882F0622663ECBE0070EF3F /* RaffleModelTest.swift in Sources */ = {isa = PBXBuildFile; fileRef = 0882F0612663ECBE0070EF3F /* RaffleModelTest.swift */; };
		0882F0642664152B0070EF3F /* NetworkHelper.swift in Sources */ = {isa = PBXBuildFile; fileRef = 0882F0632664152B0070EF3F /* NetworkHelper.swift */; };
		0882F067266415C90070EF3F /* RaffleAPlClient.swift in Sources */ = {isa = PBXBuildFile; fileRef = 0882F066266415C90070EF3F /* RaffleAPlClient.swift */; };
		0882F0692664348D0070EF3F /* NewRaffle.swift in Sources */ = {isa = PBXBuildFile; fileRef = 0882F0682664348D0070EF3F /* NewRaffle.swift */; };
		0882F06C266438B40070EF3F /* String+Validations.swift in Sources */ = {isa = PBXBuildFile; fileRef = 0882F06B266438B40070EF3F /* String+Validations.swift */; };
		0882F06E26645B730070EF3F /* RegisteredParticipant.swift in Sources */ = {isa = PBXBuildFile; fileRef = 0882F06D26645B730070EF3F /* RegisteredParticipant.swift */; };
		0882F07026645F0C0070EF3F /* RaffleParticipantSample.json in Resources */ = {isa = PBXBuildFile; fileRef = 0882F06F26645F0C0070EF3F /* RaffleParticipantSample.json */; };
		0882F072266482BF0070EF3F /* NewParticipant.swift in Sources */ = {isa = PBXBuildFile; fileRef = 0882F071266482BF0070EF3F /* NewParticipant.swift */; };
		089E7CFB26649F9A0078DCD9 /* RaffleWinnerInfo.swift in Sources */ = {isa = PBXBuildFile; fileRef = 089E7CFA26649F9A0078DCD9 /* RaffleWinnerInfo.swift */; };
		089E7CFD2664A2B10078DCD9 /* RaffleWinnerSample.json in Resources */ = {isa = PBXBuildFile; fileRef = 089E7CFC2664A2B10078DCD9 /* RaffleWinnerSample.json */; };
		089E7CFF2664B3C00078DCD9 /* RaffleDetails.swift in Sources */ = {isa = PBXBuildFile; fileRef = 089E7CFE2664B3C00078DCD9 /* RaffleDetails.swift */; };
/* End PBXBuildFile section */

/* Begin PBXContainerItemProxy section */
		0882F03B26618EF00070EF3F /* PBXContainerItemProxy */ = {
			isa = PBXContainerItemProxy;
			containerPortal = 0882F01326618ED80070EF3F /* Project object */;
			proxyType = 1;
			remoteGlobalIDString = 0882F01A26618ED80070EF3F;
			remoteInfo = RaffleApp;
		};
/* End PBXContainerItemProxy section */

/* Begin PBXFileReference section */
		08006C2426656959004354C3 /* Token.swift */ = {isa = PBXFileReference; lastKnownFileType = sourcecode.swift; path = Token.swift; sourceTree = "<group>"; };
		0882F01B26618ED80070EF3F /* RaffleApp.app */ = {isa = PBXFileReference; explicitFileType = wrapper.application; includeInIndex = 0; path = RaffleApp.app; sourceTree = BUILT_PRODUCTS_DIR; };
		0882F01E26618ED80070EF3F /* AppDelegate.swift */ = {isa = PBXFileReference; lastKnownFileType = sourcecode.swift; path = AppDelegate.swift; sourceTree = "<group>"; };
		0882F02026618ED80070EF3F /* SceneDelegate.swift */ = {isa = PBXFileReference; lastKnownFileType = sourcecode.swift; path = SceneDelegate.swift; sourceTree = "<group>"; };
		0882F02226618ED80070EF3F /* AllRafflesListViewController.swift */ = {isa = PBXFileReference; lastKnownFileType = sourcecode.swift; path = AllRafflesListViewController.swift; sourceTree = "<group>"; };
		0882F02526618ED80070EF3F /* Base */ = {isa = PBXFileReference; lastKnownFileType = file.storyboard; name = Base; path = Base.lproj/Main.storyboard; sourceTree = "<group>"; };
		0882F02726618ED90070EF3F /* Assets.xcassets */ = {isa = PBXFileReference; lastKnownFileType = folder.assetcatalog; path = Assets.xcassets; sourceTree = "<group>"; };
		0882F02A26618ED90070EF3F /* Base */ = {isa = PBXFileReference; lastKnownFileType = file.storyboard; name = Base; path = Base.lproj/LaunchScreen.storyboard; sourceTree = "<group>"; };
		0882F02C26618ED90070EF3F /* Info.plist */ = {isa = PBXFileReference; lastKnownFileType = text.plist.xml; path = Info.plist; sourceTree = "<group>"; };
		0882F03626618EF00070EF3F /* RaffleAppTests.xctest */ = {isa = PBXFileReference; explicitFileType = wrapper.cfbundle; includeInIndex = 0; path = RaffleAppTests.xctest; sourceTree = BUILT_PRODUCTS_DIR; };
		0882F03826618EF00070EF3F /* RaffleAppTests.swift */ = {isa = PBXFileReference; lastKnownFileType = sourcecode.swift; path = RaffleAppTests.swift; sourceTree = "<group>"; };
		0882F03A26618EF00070EF3F /* Info.plist */ = {isa = PBXFileReference; lastKnownFileType = text.plist.xml; path = Info.plist; sourceTree = "<group>"; };
		0882F0482661B8930070EF3F /* AllRaffles.swift */ = {isa = PBXFileReference; lastKnownFileType = sourcecode.swift; path = AllRaffles.swift; sourceTree = "<group>"; };
		0882F04C2662A8AE0070EF3F /* CreateRaffleViewController.swift */ = {isa = PBXFileReference; lastKnownFileType = sourcecode.swift; path = CreateRaffleViewController.swift; sourceTree = "<group>"; };
		0882F04E2662AD940070EF3F /* RaffleCell.swift */ = {isa = PBXFileReference; lastKnownFileType = sourcecode.swift; path = RaffleCell.swift; sourceTree = "<group>"; };
		0882F0502662EB400070EF3F /* ParticipantCell.swift */ = {isa = PBXFileReference; lastKnownFileType = sourcecode.swift; path = ParticipantCell.swift; sourceTree = "<group>"; };
		0882F0522662EC4C0070EF3F /* RaffleDetailsParticpantListViewController.swift */ = {isa = PBXFileReference; lastKnownFileType = sourcecode.swift; path = RaffleDetailsParticpantListViewController.swift; sourceTree = "<group>"; };
		0882F0592663068A0070EF3F /* DrawRaffleWinnerViewController.swift */ = {isa = PBXFileReference; lastKnownFileType = sourcecode.swift; path = DrawRaffleWinnerViewController.swift; sourceTree = "<group>"; };
		0882F05B266306A80070EF3F /* RegisterNewParticipantViewController.swift */ = {isa = PBXFileReference; lastKnownFileType = sourcecode.swift; path = RegisterNewParticipantViewController.swift; sourceTree = "<group>"; };
		0882F05D266327BE0070EF3F /* RaffleWinnerInfoViewController.swift */ = {isa = PBXFileReference; lastKnownFileType = sourcecode.swift; path = RaffleWinnerInfoViewController.swift; sourceTree = "<group>"; };
		0882F05F2663E6E10070EF3F /* AllRafflesSample.json */ = {isa = PBXFileReference; lastKnownFileType = text.json; path = AllRafflesSample.json; sourceTree = "<group>"; };
		0882F0612663ECBE0070EF3F /* RaffleModelTest.swift */ = {isa = PBXFileReference; lastKnownFileType = sourcecode.swift; path = RaffleModelTest.swift; sourceTree = "<group>"; };
		0882F0632664152B0070EF3F /* NetworkHelper.swift */ = {isa = PBXFileReference; lastKnownFileType = sourcecode.swift; path = NetworkHelper.swift; sourceTree = "<group>"; };
		0882F066266415C90070EF3F /* RaffleAPlClient.swift */ = {isa = PBXFileReference; lastKnownFileType = sourcecode.swift; path = RaffleAPlClient.swift; sourceTree = "<group>"; };
		0882F0682664348D0070EF3F /* NewRaffle.swift */ = {isa = PBXFileReference; lastKnownFileType = sourcecode.swift; path = NewRaffle.swift; sourceTree = "<group>"; };
		0882F06B266438B40070EF3F /* String+Validations.swift */ = {isa = PBXFileReference; fileEncoding = 4; lastKnownFileType = sourcecode.swift; path = "String+Validations.swift"; sourceTree = "<group>"; };
		0882F06D26645B730070EF3F /* RegisteredParticipant.swift */ = {isa = PBXFileReference; lastKnownFileType = sourcecode.swift; path = RegisteredParticipant.swift; sourceTree = "<group>"; };
		0882F06F26645F0C0070EF3F /* RaffleParticipantSample.json */ = {isa = PBXFileReference; lastKnownFileType = text.json; path = RaffleParticipantSample.json; sourceTree = "<group>"; };
		0882F071266482BF0070EF3F /* NewParticipant.swift */ = {isa = PBXFileReference; lastKnownFileType = sourcecode.swift; path = NewParticipant.swift; sourceTree = "<group>"; };
		089E7CFA26649F9A0078DCD9 /* RaffleWinnerInfo.swift */ = {isa = PBXFileReference; lastKnownFileType = sourcecode.swift; path = RaffleWinnerInfo.swift; sourceTree = "<group>"; };
		089E7CFC2664A2B10078DCD9 /* RaffleWinnerSample.json */ = {isa = PBXFileReference; lastKnownFileType = text.json; path = RaffleWinnerSample.json; sourceTree = "<group>"; };
		089E7CFE2664B3C00078DCD9 /* RaffleDetails.swift */ = {isa = PBXFileReference; lastKnownFileType = sourcecode.swift; path = RaffleDetails.swift; sourceTree = "<group>"; };
/* End PBXFileReference section */

/* Begin PBXFrameworksBuildPhase section */
		0882F01826618ED80070EF3F /* Frameworks */ = {
			isa = PBXFrameworksBuildPhase;
			buildActionMask = 2147483647;
			files = (
			);
			runOnlyForDeploymentPostprocessing = 0;
		};
		0882F03326618EF00070EF3F /* Frameworks */ = {
			isa = PBXFrameworksBuildPhase;
			buildActionMask = 2147483647;
			files = (
			);
			runOnlyForDeploymentPostprocessing = 0;
		};
/* End PBXFrameworksBuildPhase section */

/* Begin PBXGroup section */
		0882F01226618ED80070EF3F = {
			isa = PBXGroup;
			children = (
				0882F01D26618ED80070EF3F /* RaffleApp */,
				0882F03726618EF00070EF3F /* RaffleAppTests */,
				0882F01C26618ED80070EF3F /* Products */,
			);
			sourceTree = "<group>";
		};
		0882F01C26618ED80070EF3F /* Products */ = {
			isa = PBXGroup;
			children = (
				0882F01B26618ED80070EF3F /* RaffleApp.app */,
				0882F03626618EF00070EF3F /* RaffleAppTests.xctest */,
			);
			name = Products;
			sourceTree = "<group>";
		};
		0882F01D26618ED80070EF3F /* RaffleApp */ = {
			isa = PBXGroup;
			children = (
				0882F06A266438A60070EF3F /* Extensions */,
				0882F0552662FD880070EF3F /* Supporting Files */,
				0882F065266415340070EF3F /* Networking */,
				0882F0562662FDB70070EF3F /* Models */,
				0882F0542662FD7E0070EF3F /* Screens */,
				0882F02C26618ED90070EF3F /* Info.plist */,
			);
			path = RaffleApp;
			sourceTree = "<group>";
		};
		0882F03726618EF00070EF3F /* RaffleAppTests */ = {
			isa = PBXGroup;
			children = (
				0882F0612663ECBE0070EF3F /* RaffleModelTest.swift */,
				0882F03826618EF00070EF3F /* RaffleAppTests.swift */,
				0882F03A26618EF00070EF3F /* Info.plist */,
			);
			path = RaffleAppTests;
			sourceTree = "<group>";
		};
		0882F0542662FD7E0070EF3F /* Screens */ = {
			isa = PBXGroup;
			children = (
				0882F0572662FDC50070EF3F /* Cells */,
				0882F0582662FDD80070EF3F /* View Controllers */,
			);
			path = Screens;
			sourceTree = "<group>";
		};
		0882F0552662FD880070EF3F /* Supporting Files */ = {
			isa = PBXGroup;
			children = (
				0882F01E26618ED80070EF3F /* AppDelegate.swift */,
				0882F02026618ED80070EF3F /* SceneDelegate.swift */,
				0882F02426618ED80070EF3F /* Main.storyboard */,
				0882F02926618ED90070EF3F /* LaunchScreen.storyboard */,
				0882F02726618ED90070EF3F /* Assets.xcassets */,
				0882F05F2663E6E10070EF3F /* AllRafflesSample.json */,
				0882F06F26645F0C0070EF3F /* RaffleParticipantSample.json */,
				089E7CFC2664A2B10078DCD9 /* RaffleWinnerSample.json */,
			);
			path = "Supporting Files";
			sourceTree = "<group>";
		};
		0882F0562662FDB70070EF3F /* Models */ = {
			isa = PBXGroup;
			children = (
				0882F0482661B8930070EF3F /* AllRaffles.swift */,
				089E7CFE2664B3C00078DCD9 /* RaffleDetails.swift */,
				0882F0682664348D0070EF3F /* NewRaffle.swift */,
				0882F06D26645B730070EF3F /* RegisteredParticipant.swift */,
				0882F071266482BF0070EF3F /* NewParticipant.swift */,
				089E7CFA26649F9A0078DCD9 /* RaffleWinnerInfo.swift */,
				08006C2426656959004354C3 /* Token.swift */,
			);
			path = Models;
			sourceTree = "<group>";
		};
		0882F0572662FDC50070EF3F /* Cells */ = {
			isa = PBXGroup;
			children = (
				0882F04E2662AD940070EF3F /* RaffleCell.swift */,
				0882F0502662EB400070EF3F /* ParticipantCell.swift */,
			);
			path = Cells;
			sourceTree = "<group>";
		};
		0882F0582662FDD80070EF3F /* View Controllers */ = {
			isa = PBXGroup;
			children = (
				0882F02226618ED80070EF3F /* AllRafflesListViewController.swift */,
				0882F04C2662A8AE0070EF3F /* CreateRaffleViewController.swift */,
				0882F0522662EC4C0070EF3F /* RaffleDetailsParticpantListViewController.swift */,
				0882F05B266306A80070EF3F /* RegisterNewParticipantViewController.swift */,
				0882F0592663068A0070EF3F /* DrawRaffleWinnerViewController.swift */,
				0882F05D266327BE0070EF3F /* RaffleWinnerInfoViewController.swift */,
			);
			path = "View Controllers";
			sourceTree = "<group>";
		};
		0882F065266415340070EF3F /* Networking */ = {
			isa = PBXGroup;
			children = (
				0882F0632664152B0070EF3F /* NetworkHelper.swift */,
				0882F066266415C90070EF3F /* RaffleAPlClient.swift */,
			);
			path = Networking;
			sourceTree = "<group>";
		};
		0882F06A266438A60070EF3F /* Extensions */ = {
			isa = PBXGroup;
			children = (
				0882F06B266438B40070EF3F /* String+Validations.swift */,
			);
			path = Extensions;
			sourceTree = "<group>";
		};
/* End PBXGroup section */

/* Begin PBXNativeTarget section */
		0882F01A26618ED80070EF3F /* RaffleApp */ = {
			isa = PBXNativeTarget;
			buildConfigurationList = 0882F02F26618ED90070EF3F /* Build configuration list for PBXNativeTarget "RaffleApp" */;
			buildPhases = (
				0882F01726618ED80070EF3F /* Sources */,
				0882F01826618ED80070EF3F /* Frameworks */,
				0882F01926618ED80070EF3F /* Resources */,
			);
			buildRules = (
			);
			dependencies = (
			);
			name = RaffleApp;
			productName = RaffleApp;
			productReference = 0882F01B26618ED80070EF3F /* RaffleApp.app */;
			productType = "com.apple.product-type.application";
		};
		0882F03526618EF00070EF3F /* RaffleAppTests */ = {
			isa = PBXNativeTarget;
			buildConfigurationList = 0882F03D26618EF00070EF3F /* Build configuration list for PBXNativeTarget "RaffleAppTests" */;
			buildPhases = (
				0882F03226618EF00070EF3F /* Sources */,
				0882F03326618EF00070EF3F /* Frameworks */,
				0882F03426618EF00070EF3F /* Resources */,
			);
			buildRules = (
			);
			dependencies = (
				0882F03C26618EF00070EF3F /* PBXTargetDependency */,
			);
			name = RaffleAppTests;
			productName = RaffleAppTests;
			productReference = 0882F03626618EF00070EF3F /* RaffleAppTests.xctest */;
			productType = "com.apple.product-type.bundle.unit-test";
		};
/* End PBXNativeTarget section */

/* Begin PBXProject section */
		0882F01326618ED80070EF3F /* Project object */ = {
			isa = PBXProject;
			attributes = {
				LastSwiftUpdateCheck = 1250;
				LastUpgradeCheck = 1250;
				TargetAttributes = {
					0882F01A26618ED80070EF3F = {
						CreatedOnToolsVersion = 12.5;
					};
					0882F03526618EF00070EF3F = {
						CreatedOnToolsVersion = 12.5;
						TestTargetID = 0882F01A26618ED80070EF3F;
					};
				};
			};
			buildConfigurationList = 0882F01626618ED80070EF3F /* Build configuration list for PBXProject "RaffleApp" */;
			compatibilityVersion = "Xcode 9.3";
			developmentRegion = en;
			hasScannedForEncodings = 0;
			knownRegions = (
				en,
				Base,
			);
			mainGroup = 0882F01226618ED80070EF3F;
			productRefGroup = 0882F01C26618ED80070EF3F /* Products */;
			projectDirPath = "";
			projectRoot = "";
			targets = (
				0882F01A26618ED80070EF3F /* RaffleApp */,
				0882F03526618EF00070EF3F /* RaffleAppTests */,
			);
		};
/* End PBXProject section */

/* Begin PBXResourcesBuildPhase section */
		0882F01926618ED80070EF3F /* Resources */ = {
			isa = PBXResourcesBuildPhase;
			buildActionMask = 2147483647;
			files = (
				0882F07026645F0C0070EF3F /* RaffleParticipantSample.json in Resources */,
				0882F02B26618ED90070EF3F /* LaunchScreen.storyboard in Resources */,
				0882F02826618ED90070EF3F /* Assets.xcassets in Resources */,
				0882F02626618ED80070EF3F /* Main.storyboard in Resources */,
				089E7CFD2664A2B10078DCD9 /* RaffleWinnerSample.json in Resources */,
				0882F0602663E6E10070EF3F /* AllRafflesSample.json in Resources */,
			);
			runOnlyForDeploymentPostprocessing = 0;
		};
		0882F03426618EF00070EF3F /* Resources */ = {
			isa = PBXResourcesBuildPhase;
			buildActionMask = 2147483647;
			files = (
			);
			runOnlyForDeploymentPostprocessing = 0;
		};
/* End PBXResourcesBuildPhase section */

/* Begin PBXSourcesBuildPhase section */
		0882F01726618ED80070EF3F /* Sources */ = {
			isa = PBXSourcesBuildPhase;
			buildActionMask = 2147483647;
			files = (
				089E7CFB26649F9A0078DCD9 /* RaffleWinnerInfo.swift in Sources */,
				0882F05E266327BE0070EF3F /* RaffleWinnerInfoViewController.swift in Sources */,
				0882F06E26645B730070EF3F /* RegisteredParticipant.swift in Sources */,
				0882F0532662EC4C0070EF3F /* RaffleDetailsParticpantListViewController.swift in Sources */,
				08006C2526656959004354C3 /* Token.swift in Sources */,
				0882F0512662EB400070EF3F /* ParticipantCell.swift in Sources */,
				0882F067266415C90070EF3F /* RaffleAPlClient.swift in Sources */,
				0882F0492661B8930070EF3F /* AllRaffles.swift in Sources */,
				0882F0642664152B0070EF3F /* NetworkHelper.swift in Sources */,
				0882F0692664348D0070EF3F /* NewRaffle.swift in Sources */,
				0882F02326618ED80070EF3F /* AllRafflesListViewController.swift in Sources */,
				0882F072266482BF0070EF3F /* NewParticipant.swift in Sources */,
				0882F01F26618ED80070EF3F /* AppDelegate.swift in Sources */,
				089E7CFF2664B3C00078DCD9 /* RaffleDetails.swift in Sources */,
				0882F04F2662AD940070EF3F /* RaffleCell.swift in Sources */,
				0882F05A2663068A0070EF3F /* DrawRaffleWinnerViewController.swift in Sources */,
				0882F06C266438B40070EF3F /* String+Validations.swift in Sources */,
				0882F05C266306A80070EF3F /* RegisterNewParticipantViewController.swift in Sources */,
				0882F04D2662A8AE0070EF3F /* CreateRaffleViewController.swift in Sources */,
				0882F02126618ED80070EF3F /* SceneDelegate.swift in Sources */,
			);
			runOnlyForDeploymentPostprocessing = 0;
		};
		0882F03226618EF00070EF3F /* Sources */ = {
			isa = PBXSourcesBuildPhase;
			buildActionMask = 2147483647;
			files = (
				0882F03926618EF00070EF3F /* RaffleAppTests.swift in Sources */,
				0882F0622663ECBE0070EF3F /* RaffleModelTest.swift in Sources */,
			);
			runOnlyForDeploymentPostprocessing = 0;
		};
/* End PBXSourcesBuildPhase section */

/* Begin PBXTargetDependency section */
		0882F03C26618EF00070EF3F /* PBXTargetDependency */ = {
			isa = PBXTargetDependency;
			target = 0882F01A26618ED80070EF3F /* RaffleApp */;
			targetProxy = 0882F03B26618EF00070EF3F /* PBXContainerItemProxy */;
		};
/* End PBXTargetDependency section */

/* Begin PBXVariantGroup section */
		0882F02426618ED80070EF3F /* Main.storyboard */ = {
			isa = PBXVariantGroup;
			children = (
				0882F02526618ED80070EF3F /* Base */,
			);
			name = Main.storyboard;
			sourceTree = "<group>";
		};
		0882F02926618ED90070EF3F /* LaunchScreen.storyboard */ = {
			isa = PBXVariantGroup;
			children = (
				0882F02A26618ED90070EF3F /* Base */,
			);
			name = LaunchScreen.storyboard;
			sourceTree = "<group>";
		};
/* End PBXVariantGroup section */

/* Begin XCBuildConfiguration section */
		0882F02D26618ED90070EF3F /* Debug */ = {
			isa = XCBuildConfiguration;
			buildSettings = {
				ALWAYS_SEARCH_USER_PATHS = NO;
				CLANG_ANALYZER_NONNULL = YES;
				CLANG_ANALYZER_NUMBER_OBJECT_CONVERSION = YES_AGGRESSIVE;
				CLANG_CXX_LANGUAGE_STANDARD = "gnu++14";
				CLANG_CXX_LIBRARY = "libc++";
				CLANG_ENABLE_MODULES = YES;
				CLANG_ENABLE_OBJC_ARC = YES;
				CLANG_ENABLE_OBJC_WEAK = YES;
				CLANG_WARN_BLOCK_CAPTURE_AUTORELEASING = YES;
				CLANG_WARN_BOOL_CONVERSION = YES;
				CLANG_WARN_COMMA = YES;
				CLANG_WARN_CONSTANT_CONVERSION = YES;
				CLANG_WARN_DEPRECATED_OBJC_IMPLEMENTATIONS = YES;
				CLANG_WARN_DIRECT_OBJC_ISA_USAGE = YES_ERROR;
				CLANG_WARN_DOCUMENTATION_COMMENTS = YES;
				CLANG_WARN_EMPTY_BODY = YES;
				CLANG_WARN_ENUM_CONVERSION = YES;
				CLANG_WARN_INFINITE_RECURSION = YES;
				CLANG_WARN_INT_CONVERSION = YES;
				CLANG_WARN_NON_LITERAL_NULL_CONVERSION = YES;
				CLANG_WARN_OBJC_IMPLICIT_RETAIN_SELF = YES;
				CLANG_WARN_OBJC_LITERAL_CONVERSION = YES;
				CLANG_WARN_OBJC_ROOT_CLASS = YES_ERROR;
				CLANG_WARN_QUOTED_INCLUDE_IN_FRAMEWORK_HEADER = YES;
				CLANG_WARN_RANGE_LOOP_ANALYSIS = YES;
				CLANG_WARN_STRICT_PROTOTYPES = YES;
				CLANG_WARN_SUSPICIOUS_MOVE = YES;
				CLANG_WARN_UNGUARDED_AVAILABILITY = YES_AGGRESSIVE;
				CLANG_WARN_UNREACHABLE_CODE = YES;
				CLANG_WARN__DUPLICATE_METHOD_MATCH = YES;
				COPY_PHASE_STRIP = NO;
				DEBUG_INFORMATION_FORMAT = dwarf;
				ENABLE_STRICT_OBJC_MSGSEND = YES;
				ENABLE_TESTABILITY = YES;
				GCC_C_LANGUAGE_STANDARD = gnu11;
				GCC_DYNAMIC_NO_PIC = NO;
				GCC_NO_COMMON_BLOCKS = YES;
				GCC_OPTIMIZATION_LEVEL = 0;
				GCC_PREPROCESSOR_DEFINITIONS = (
					"DEBUG=1",
					"$(inherited)",
				);
				GCC_WARN_64_TO_32_BIT_CONVERSION = YES;
				GCC_WARN_ABOUT_RETURN_TYPE = YES_ERROR;
				GCC_WARN_UNDECLARED_SELECTOR = YES;
				GCC_WARN_UNINITIALIZED_AUTOS = YES_AGGRESSIVE;
				GCC_WARN_UNUSED_FUNCTION = YES;
				GCC_WARN_UNUSED_VARIABLE = YES;
				IPHONEOS_DEPLOYMENT_TARGET = 14.5;
				MTL_ENABLE_DEBUG_INFO = INCLUDE_SOURCE;
				MTL_FAST_MATH = YES;
				ONLY_ACTIVE_ARCH = YES;
				SDKROOT = iphoneos;
				SWIFT_ACTIVE_COMPILATION_CONDITIONS = DEBUG;
				SWIFT_OPTIMIZATION_LEVEL = "-Onone";
			};
			name = Debug;
		};
		0882F02E26618ED90070EF3F /* Release */ = {
			isa = XCBuildConfiguration;
			buildSettings = {
				ALWAYS_SEARCH_USER_PATHS = NO;
				CLANG_ANALYZER_NONNULL = YES;
				CLANG_ANALYZER_NUMBER_OBJECT_CONVERSION = YES_AGGRESSIVE;
				CLANG_CXX_LANGUAGE_STANDARD = "gnu++14";
				CLANG_CXX_LIBRARY = "libc++";
				CLANG_ENABLE_MODULES = YES;
				CLANG_ENABLE_OBJC_ARC = YES;
				CLANG_ENABLE_OBJC_WEAK = YES;
				CLANG_WARN_BLOCK_CAPTURE_AUTORELEASING = YES;
				CLANG_WARN_BOOL_CONVERSION = YES;
				CLANG_WARN_COMMA = YES;
				CLANG_WARN_CONSTANT_CONVERSION = YES;
				CLANG_WARN_DEPRECATED_OBJC_IMPLEMENTATIONS = YES;
				CLANG_WARN_DIRECT_OBJC_ISA_USAGE = YES_ERROR;
				CLANG_WARN_DOCUMENTATION_COMMENTS = YES;
				CLANG_WARN_EMPTY_BODY = YES;
				CLANG_WARN_ENUM_CONVERSION = YES;
				CLANG_WARN_INFINITE_RECURSION = YES;
				CLANG_WARN_INT_CONVERSION = YES;
				CLANG_WARN_NON_LITERAL_NULL_CONVERSION = YES;
				CLANG_WARN_OBJC_IMPLICIT_RETAIN_SELF = YES;
				CLANG_WARN_OBJC_LITERAL_CONVERSION = YES;
				CLANG_WARN_OBJC_ROOT_CLASS = YES_ERROR;
				CLANG_WARN_QUOTED_INCLUDE_IN_FRAMEWORK_HEADER = YES;
				CLANG_WARN_RANGE_LOOP_ANALYSIS = YES;
				CLANG_WARN_STRICT_PROTOTYPES = YES;
				CLANG_WARN_SUSPICIOUS_MOVE = YES;
				CLANG_WARN_UNGUARDED_AVAILABILITY = YES_AGGRESSIVE;
				CLANG_WARN_UNREACHABLE_CODE = YES;
				CLANG_WARN__DUPLICATE_METHOD_MATCH = YES;
				COPY_PHASE_STRIP = NO;
				DEBUG_INFORMATION_FORMAT = "dwarf-with-dsym";
				ENABLE_NS_ASSERTIONS = NO;
				ENABLE_STRICT_OBJC_MSGSEND = YES;
				GCC_C_LANGUAGE_STANDARD = gnu11;
				GCC_NO_COMMON_BLOCKS = YES;
				GCC_WARN_64_TO_32_BIT_CONVERSION = YES;
				GCC_WARN_ABOUT_RETURN_TYPE = YES_ERROR;
				GCC_WARN_UNDECLARED_SELECTOR = YES;
				GCC_WARN_UNINITIALIZED_AUTOS = YES_AGGRESSIVE;
				GCC_WARN_UNUSED_FUNCTION = YES;
				GCC_WARN_UNUSED_VARIABLE = YES;
				IPHONEOS_DEPLOYMENT_TARGET = 14.5;
				MTL_ENABLE_DEBUG_INFO = NO;
				MTL_FAST_MATH = YES;
				SDKROOT = iphoneos;
				SWIFT_COMPILATION_MODE = wholemodule;
				SWIFT_OPTIMIZATION_LEVEL = "-O";
				VALIDATE_PRODUCT = YES;
			};
			name = Release;
		};
		0882F03026618ED90070EF3F /* Debug */ = {
			isa = XCBuildConfiguration;
			buildSettings = {
				ASSETCATALOG_COMPILER_APPICON_NAME = AppIcon;
				ASSETCATALOG_COMPILER_GLOBAL_ACCENT_COLOR_NAME = AccentColor;
				CODE_SIGN_STYLE = Automatic;
				DEVELOPMENT_TEAM = 453FAV4WWW;
				INFOPLIST_FILE = RaffleApp/Info.plist;
				LD_RUNPATH_SEARCH_PATHS = (
					"$(inherited)",
					"@executable_path/Frameworks",
				);
				PRODUCT_BUNDLE_IDENTIFIER = "com.code-isekai.RaffleApp";
				PRODUCT_NAME = "$(TARGET_NAME)";
				SWIFT_VERSION = 5.0;
				TARGETED_DEVICE_FAMILY = 1;
			};
			name = Debug;
		};
		0882F03126618ED90070EF3F /* Release */ = {
			isa = XCBuildConfiguration;
			buildSettings = {
				ASSETCATALOG_COMPILER_APPICON_NAME = AppIcon;
				ASSETCATALOG_COMPILER_GLOBAL_ACCENT_COLOR_NAME = AccentColor;
				CODE_SIGN_STYLE = Automatic;
				DEVELOPMENT_TEAM = 453FAV4WWW;
				INFOPLIST_FILE = RaffleApp/Info.plist;
				LD_RUNPATH_SEARCH_PATHS = (
					"$(inherited)",
					"@executable_path/Frameworks",
				);
				PRODUCT_BUNDLE_IDENTIFIER = "com.code-isekai.RaffleApp";
				PRODUCT_NAME = "$(TARGET_NAME)";
				SWIFT_VERSION = 5.0;
				TARGETED_DEVICE_FAMILY = 1;
			};
			name = Release;
		};
		0882F03E26618EF00070EF3F /* Debug */ = {
			isa = XCBuildConfiguration;
			buildSettings = {
				BUNDLE_LOADER = "$(TEST_HOST)";
				CODE_SIGN_STYLE = Automatic;
				DEVELOPMENT_TEAM = 453FAV4WWW;
				INFOPLIST_FILE = RaffleAppTests/Info.plist;
				LD_RUNPATH_SEARCH_PATHS = (
					"$(inherited)",
					"@executable_path/Frameworks",
					"@loader_path/Frameworks",
				);
				PRODUCT_BUNDLE_IDENTIFIER = "com.code-isekai.RaffleAppTests";
				PRODUCT_NAME = "$(TARGET_NAME)";
				SWIFT_VERSION = 5.0;
				TARGETED_DEVICE_FAMILY = "1,2";
				TEST_HOST = "$(BUILT_PRODUCTS_DIR)/RaffleApp.app/RaffleApp";
			};
			name = Debug;
		};
		0882F03F26618EF00070EF3F /* Release */ = {
			isa = XCBuildConfiguration;
			buildSettings = {
				BUNDLE_LOADER = "$(TEST_HOST)";
				CODE_SIGN_STYLE = Automatic;
				DEVELOPMENT_TEAM = 453FAV4WWW;
				INFOPLIST_FILE = RaffleAppTests/Info.plist;
				LD_RUNPATH_SEARCH_PATHS = (
					"$(inherited)",
					"@executable_path/Frameworks",
					"@loader_path/Frameworks",
				);
				PRODUCT_BUNDLE_IDENTIFIER = "com.code-isekai.RaffleAppTests";
				PRODUCT_NAME = "$(TARGET_NAME)";
				SWIFT_VERSION = 5.0;
				TARGETED_DEVICE_FAMILY = "1,2";
				TEST_HOST = "$(BUILT_PRODUCTS_DIR)/RaffleApp.app/RaffleApp";
			};
			name = Release;
		};
/* End XCBuildConfiguration section */

/* Begin XCConfigurationList section */
		0882F01626618ED80070EF3F /* Build configuration list for PBXProject "RaffleApp" */ = {
			isa = XCConfigurationList;
			buildConfigurations = (
				0882F02D26618ED90070EF3F /* Debug */,
				0882F02E26618ED90070EF3F /* Release */,
			);
			defaultConfigurationIsVisible = 0;
			defaultConfigurationName = Release;
		};
		0882F02F26618ED90070EF3F /* Build configuration list for PBXNativeTarget "RaffleApp" */ = {
			isa = XCConfigurationList;
			buildConfigurations = (
				0882F03026618ED90070EF3F /* Debug */,
				0882F03126618ED90070EF3F /* Release */,
			);
			defaultConfigurationIsVisible = 0;
			defaultConfigurationName = Release;
		};
		0882F03D26618EF00070EF3F /* Build configuration list for PBXNativeTarget "RaffleAppTests" */ = {
			isa = XCConfigurationList;
			buildConfigurations = (
				0882F03E26618EF00070EF3F /* Debug */,
				0882F03F26618EF00070EF3F /* Release */,
			);
			defaultConfigurationIsVisible = 0;
			defaultConfigurationName = Release;
		};
/* End XCConfigurationList section */
	};
	rootObject = 0882F01326618ED80070EF3F /* Project object */;
}
